
Microsoft Visual Studio Solution File, Format Version 12.00
# Visual Studio 15
VisualStudioVersion = 15.0.27428.2037
MinimumVisualStudioVersion = 10.0.40219.1
Project("{FAE04EC0-301F-11D3-BF4B-00C04F79EFBC}") = "MaleyApp", "MaleyApp\MaleyApp.csproj", "{F03F7AA8-CF93-4321-91BF-8DF6CA7085C7}"
EndProject
Global
	GlobalSection(SolutionConfigurationPlatforms) = preSolution
		Debug|Any CPU = Debug|Any CPU
		Release|Any CPU = Release|Any CPU
	EndGlobalSection
	GlobalSection(ProjectConfigurationPlatforms) = postSolution
		{F03F7AA8-CF93-4321-91BF-8DF6CA7085C7}.Debug|Any CPU.ActiveCfg = Debug|Any CPU
		{F03F7AA8-CF93-4321-91BF-8DF6CA7085C7}.Debug|Any CPU.Build.0 = Debug|Any CPU
		{F03F7AA8-CF93-4321-91BF-8DF6CA7085C7}.Release|Any CPU.ActiveCfg = Release|Any CPU
		{F03F7AA8-CF93-4321-91BF-8DF6CA7085C7}.Release|Any CPU.Build.0 = Release|Any CPU
	EndGlobalSection
	GlobalSection(SolutionProperties) = preSolution
		HideSolutionNode = FALSE
	EndGlobalSection
	GlobalSection(ExtensibilityGlobals) = postSolution
		SolutionGuid = {8E4FA5BD-4C3A-4D35-8E63-F9F745BDA65B}
	EndGlobalSection
EndGlobal
